{
  "name": "elmsanity",
  "version": "1.0.0",
  "lockfileVersion": 1,
  "requires": true,
  "dependencies": {
    "@firebase/app": {
      "version": "0.1.0",
      "resolved": "https://registry.npmjs.org/@firebase/app/-/app-0.1.0.tgz",
      "integrity": "sha512-TcoJgQv8dmVwa3G83hHCrs+krMkULFAMQ10DlpjPVklBfOMuiMwsa2nOyYQLeCbxwrnIfJaMd+Ab4TKkr5fGSA==",
      "dev": true,
      "requires": {
        "@firebase/util": "0.1.0"
      }
    },
    "@firebase/auth": {
      "version": "0.1.0",
      "resolved": "https://registry.npmjs.org/@firebase/auth/-/auth-0.1.0.tgz",
      "integrity": "sha512-Smvun1FUIiE4Ss5sZO4MsJ/RKgqI54jQKw9p7/TTu40hOYsa0hXNbFg0VRywtLus5/YJVxhPvFK32ndgTbPTYg==",
      "dev": true
    },
    "@firebase/database": {
      "version": "0.1.0",
      "resolved": "https://registry.npmjs.org/@firebase/database/-/database-0.1.0.tgz",
      "integrity": "sha512-oJCHHOaSeH8zPULycbd9SteRFSi8ILQhySLobkUvBZ70jJFE5DQ7mJhoe3WxR8813Cv3OauTIB1Ws2IRV855Ng==",
      "dev": true,
      "requires": {
        "@firebase/util": "0.1.0",
        "faye-websocket": "0.9.3"
      }
    },
    "@firebase/firestore": {
      "version": "0.1.0",
      "resolved": "https://registry.npmjs.org/@firebase/firestore/-/firestore-0.1.0.tgz",
      "integrity": "sha512-fq+ux9/eeLWM286/FAg89jPmDFGeVXHjes8dj1L8SpjUCrEcQpFrQv+7YXgfJN5e13N7el0k4vw16zIX54KG9w==",
      "dev": true,
      "requires": {
        "@firebase/webchannel-wrapper": "0.2.2"
      }
    },
    "@firebase/messaging": {
      "version": "0.1.0",
      "resolved": "https://registry.npmjs.org/@firebase/messaging/-/messaging-0.1.0.tgz",
      "integrity": "sha512-4Os6GqG+Ojn4b+pWqK++pVDNssBVKigh89zyaUzKbQ8ccehzr7TyqUWNaXMJLwrArPAniNLrFSRFsGgrH7F64Q==",
      "dev": true,
      "requires": {
        "@firebase/util": "0.1.0"
      }
    },
    "@firebase/polyfill": {
      "version": "0.1.0",
      "resolved": "https://registry.npmjs.org/@firebase/polyfill/-/polyfill-0.1.0.tgz",
      "integrity": "sha512-S1i7lGEnefWXrkVzo/v91Y+sGOH0uBJdmk3EQez60zVywiJZFN6B0NBrBTEzoi3YteG8wdKOLIbNImtiyQskrg==",
      "dev": true,
      "requires": {
        "promise-polyfill": "6.0.2"
      }
    },
    "@firebase/storage": {
      "version": "0.1.0",
      "resolved": "https://registry.npmjs.org/@firebase/storage/-/storage-0.1.0.tgz",
      "integrity": "sha512-j07FSjZNjPMiYFIFcMxjqAUV1QyXJnDrh7lhVUpZfJcq40B1OOieYbUiJVEmTajq0GOgTMLUmLk5aT/AFbCf4g==",
      "dev": true
    },
    "@firebase/util": {
      "version": "0.1.0",
      "resolved": "https://registry.npmjs.org/@firebase/util/-/util-0.1.0.tgz",
      "integrity": "sha512-kyAaTj2BomQ3+Fa6LzFPgs8QAiMnJP17p4Z0yngQsWzTJnc3PJ5oREGc0T7P/qUb57ExC43UZjQKG7zfjXY5tQ==",
      "dev": true
    },
    "@firebase/webchannel-wrapper": {
      "version": "0.2.2",
      "resolved": "https://registry.npmjs.org/@firebase/webchannel-wrapper/-/webchannel-wrapper-0.2.2.tgz",
      "integrity": "sha512-sTBtMA2gH3gqZUB7h32wCz1KvTzKsfyBpP9+/T2epFb0PXRMUKrz0LFEz3/tQlBsntDgO5amGhDDFHoQcMnAcg==",
      "dev": true
    },
    "dom-storage": {
      "version": "2.0.2",
      "resolved": "https://registry.npmjs.org/dom-storage/-/dom-storage-2.0.2.tgz",
      "integrity": "sha1-7RfL9oq9EOCu+BgnE+KXxeS1ALA=",
      "dev": true
    },
    "faye-websocket": {
      "version": "0.9.3",
      "resolved": "https://registry.npmjs.org/faye-websocket/-/faye-websocket-0.9.3.tgz",
      "integrity": "sha1-SCpQWw3wrmJrlphm0710DNuWLoM=",
      "dev": true,
      "requires": {
        "websocket-driver": "0.7.0"
      }
    },
    "firebase": {
      "version": "4.5.1",
      "resolved": "https://registry.npmjs.org/firebase/-/firebase-4.5.1.tgz",
      "integrity": "sha512-+2piYuGx+16PsXZ80VO25guhAqzY8+s0rxBXr3fEBvFDXyqqPMgCFNfogvlhMTURtIw8qOoi9ugsLrS0VrP6cw==",
      "dev": true,
      "requires": {
        "@firebase/app": "0.1.0",
        "@firebase/auth": "0.1.0",
        "@firebase/database": "0.1.0",
        "@firebase/firestore": "0.1.0",
        "@firebase/messaging": "0.1.0",
        "@firebase/polyfill": "0.1.0",
        "@firebase/storage": "0.1.0",
        "dom-storage": "2.0.2",
        "xmlhttprequest": "1.8.0"
      }
    },
    "http-parser-js": {
      "version": "0.4.9",
      "resolved": "https://registry.npmjs.org/http-parser-js/-/http-parser-js-0.4.9.tgz",
      "integrity": "sha1-6hoE+2St/wJC6ZdPKX3Uw8rSceE=",
      "dev": true
    },
    "promise-polyfill": {
      "version": "6.0.2",
      "resolved": "https://registry.npmjs.org/promise-polyfill/-/promise-polyfill-6.0.2.tgz",
      "integrity": "sha1-2chtPcTcLfkBboiUbe/Wm0m0EWI=",
      "dev": true
    },
    "websocket-driver": {
      "version": "0.7.0",
      "resolved": "https://registry.npmjs.org/websocket-driver/-/websocket-driver-0.7.0.tgz",
      "integrity": "sha1-DK+dLXVdk67gSdS90NP+LMoqJOs=",
      "dev": true,
      "requires": {
        "http-parser-js": "0.4.9",
        "websocket-extensions": "0.1.2"
      }
    },
    "websocket-extensions": {
      "version": "0.1.2",
      "resolved": "https://registry.npmjs.org/websocket-extensions/-/websocket-extensions-0.1.2.tgz",
      "integrity": "sha1-Dhh4HeYpoYMIzhSBZQ9n/6JpOl0=",
      "dev": true
    },
    "xmlhttprequest": {
      "version": "1.8.0",
      "resolved": "https://registry.npmjs.org/xmlhttprequest/-/xmlhttprequest-1.8.0.tgz",
      "integrity": "sha1-Z/4HXFwk/vOfnWX197f+dRcZaPw=",
      "dev": true
    }
  }
}
